
Microsoft Visual Studio Solution File, Format Version 12.00
# Visual Studio 14
VisualStudioVersion = 14.0.23107.0
MinimumVisualStudioVersion = 10.0.40219.1
Project("{2150E333-8FDC-42A3-9474-1A3956D46DE8}") = "Tests", "Tests", "{C27D562F-B59C-45E3-AB96-1CD740ABA0F6}"
EndProject
Project("{FAE04EC0-301F-11D3-BF4B-00C04F79EFBC}") = "Capstone.Tests", "Capstone.Tests\Capstone.Tests.csproj", "{CD53D780-766B-47D4-BEBD-F6CCEDD922A8}"
EndProject
Project("{FAE04EC0-301F-11D3-BF4B-00C04F79EFBC}") = "Capstone.Web", "Capstone.Web\Capstone.Web.csproj", "{6A26A7D6-1747-46B7-ACAA-F177E9106F33}"
EndProject
Project("{FAE04EC0-301F-11D3-BF4B-00C04F79EFBC}") = "Capstone.Data", "Capstone.Data\Capstone.Data.csproj", "{A98570B3-BAAA-4E26-886A-305FF815E648}"
EndProject
Global
	GlobalSection(SolutionConfigurationPlatforms) = preSolution
		Debug|Any CPU = Debug|Any CPU
		Release|Any CPU = Release|Any CPU
	EndGlobalSection
	GlobalSection(ProjectConfigurationPlatforms) = postSolution
		{CD53D780-766B-47D4-BEBD-F6CCEDD922A8}.Debug|Any CPU.ActiveCfg = Debug|Any CPU
		{CD53D780-766B-47D4-BEBD-F6CCEDD922A8}.Debug|Any CPU.Build.0 = Debug|Any CPU
		{CD53D780-766B-47D4-BEBD-F6CCEDD922A8}.Release|Any CPU.ActiveCfg = Release|Any CPU
		{CD53D780-766B-47D4-BEBD-F6CCEDD922A8}.Release|Any CPU.Build.0 = Release|Any CPU
		{6A26A7D6-1747-46B7-ACAA-F177E9106F33}.Debug|Any CPU.ActiveCfg = Debug|Any CPU
		{6A26A7D6-1747-46B7-ACAA-F177E9106F33}.Debug|Any CPU.Build.0 = Debug|Any CPU
		{6A26A7D6-1747-46B7-ACAA-F177E9106F33}.Release|Any CPU.ActiveCfg = Release|Any CPU
		{6A26A7D6-1747-46B7-ACAA-F177E9106F33}.Release|Any CPU.Build.0 = Release|Any CPU
		{A98570B3-BAAA-4E26-886A-305FF815E648}.Debug|Any CPU.ActiveCfg = Debug|Any CPU
		{A98570B3-BAAA-4E26-886A-305FF815E648}.Debug|Any CPU.Build.0 = Debug|Any CPU
		{A98570B3-BAAA-4E26-886A-305FF815E648}.Release|Any CPU.ActiveCfg = Release|Any CPU
		{A98570B3-BAAA-4E26-886A-305FF815E648}.Release|Any CPU.Build.0 = Release|Any CPU
	EndGlobalSection
	GlobalSection(SolutionProperties) = preSolution
		HideSolutionNode = FALSE
	EndGlobalSection
	GlobalSection(NestedProjects) = preSolution
		{CD53D780-766B-47D4-BEBD-F6CCEDD922A8} = {C27D562F-B59C-45E3-AB96-1CD740ABA0F6}
	EndGlobalSection
EndGlobal
